
Microsoft Visual Studio Solution File, Format Version 12.00
# Visual Studio Version 16
VisualStudioVersion = 16.0.30803.129
MinimumVisualStudioVersion = 10.0.40219.1
Project("{9A19103F-16F7-4668-BE54-9A1E7A4F7556}") = "Orion Server", "Orion Server\Orion Server.csproj", "{33EBB778-04C2-4DB5-9C37-8381B6F125A4}"
EndProject
Project("{FAE04EC0-301F-11D3-BF4B-00C04F79EFBC}") = "SQLServerConnection", "SQLServerConnection\SQLServerConnection.csproj", "{C80533D3-C4FD-48DD-9D4C-BF7E4ECD27CC}"
EndProject
Global
	GlobalSection(SolutionConfigurationPlatforms) = preSolution
		Debug|Any CPU = Debug|Any CPU
		Release|Any CPU = Release|Any CPU
	EndGlobalSection
	GlobalSection(ProjectConfigurationPlatforms) = postSolution
		{33EBB778-04C2-4DB5-9C37-8381B6F125A4}.Debug|Any CPU.ActiveCfg = Debug|Any CPU
		{33EBB778-04C2-4DB5-9C37-8381B6F125A4}.Debug|Any CPU.Build.0 = Debug|Any CPU
		{33EBB778-04C2-4DB5-9C37-8381B6F125A4}.Release|Any CPU.ActiveCfg = Release|Any CPU
		{33EBB778-04C2-4DB5-9C37-8381B6F125A4}.Release|Any CPU.Build.0 = Release|Any CPU
		{C80533D3-C4FD-48DD-9D4C-BF7E4ECD27CC}.Debug|Any CPU.ActiveCfg = Debug|Any CPU
		{C80533D3-C4FD-48DD-9D4C-BF7E4ECD27CC}.Debug|Any CPU.Build.0 = Debug|Any CPU
		{C80533D3-C4FD-48DD-9D4C-BF7E4ECD27CC}.Release|Any CPU.ActiveCfg = Release|Any CPU
		{C80533D3-C4FD-48DD-9D4C-BF7E4ECD27CC}.Release|Any CPU.Build.0 = Release|Any CPU
	EndGlobalSection
	GlobalSection(SolutionProperties) = preSolution
		HideSolutionNode = FALSE
	EndGlobalSection
	GlobalSection(ExtensibilityGlobals) = postSolution
		SolutionGuid = {87D3C985-E8FD-4C50-938D-C1EA8758DF58}
	EndGlobalSection
EndGlobal
